
Microsoft Visual Studio Solution File, Format Version 12.00
Project("{FAE04EC0-301F-11D3-BF4B-00C04F79EFBC}") = "ApiProjekt", "ApiProjekt\ApiProjekt.csproj", "{616C13BD-50F8-4CBE-B81B-F47615D40420}"
EndProject
Global
	GlobalSection(SolutionConfigurationPlatforms) = preSolution
		Debug|Any CPU = Debug|Any CPU
		Release|Any CPU = Release|Any CPU
	EndGlobalSection
	GlobalSection(ProjectConfigurationPlatforms) = postSolution
		{616C13BD-50F8-4CBE-B81B-F47615D40420}.Debug|Any CPU.ActiveCfg = Debug|Any CPU
		{616C13BD-50F8-4CBE-B81B-F47615D40420}.Debug|Any CPU.Build.0 = Debug|Any CPU
		{616C13BD-50F8-4CBE-B81B-F47615D40420}.Release|Any CPU.ActiveCfg = Release|Any CPU
		{616C13BD-50F8-4CBE-B81B-F47615D40420}.Release|Any CPU.Build.0 = Release|Any CPU
	EndGlobalSection
EndGlobal
